
Microsoft Visual Studio Solution File, Format Version 12.00
# Visual Studio Version 16
VisualStudioVersion = 16.0.31205.134
MinimumVisualStudioVersion = 10.0.40219.1
Project("{FAE04EC0-301F-11D3-BF4B-00C04F79EFBC}") = "Employee_Payroll_Threads", "Employee_Payroll_Threads\Employee_Payroll_Threads.csproj", "{3876EC1C-B30E-4FB0-8E8C-136F5B721853}"
EndProject
Project("{FAE04EC0-301F-11D3-BF4B-00C04F79EFBC}") = "UnitTestProject1", "UnitTestProject1\UnitTestProject1.csproj", "{BC9BD745-EDE8-457B-9F5E-8667A8DDCD52}"
EndProject
Global
	GlobalSection(SolutionConfigurationPlatforms) = preSolution
		Debug|Any CPU = Debug|Any CPU
		Release|Any CPU = Release|Any CPU
	EndGlobalSection
	GlobalSection(ProjectConfigurationPlatforms) = postSolution
		{3876EC1C-B30E-4FB0-8E8C-136F5B721853}.Debug|Any CPU.ActiveCfg = Debug|Any CPU
		{3876EC1C-B30E-4FB0-8E8C-136F5B721853}.Debug|Any CPU.Build.0 = Debug|Any CPU
		{3876EC1C-B30E-4FB0-8E8C-136F5B721853}.Release|Any CPU.ActiveCfg = Release|Any CPU
		{3876EC1C-B30E-4FB0-8E8C-136F5B721853}.Release|Any CPU.Build.0 = Release|Any CPU
		{BC9BD745-EDE8-457B-9F5E-8667A8DDCD52}.Debug|Any CPU.ActiveCfg = Debug|Any CPU
		{BC9BD745-EDE8-457B-9F5E-8667A8DDCD52}.Debug|Any CPU.Build.0 = Debug|Any CPU
		{BC9BD745-EDE8-457B-9F5E-8667A8DDCD52}.Release|Any CPU.ActiveCfg = Release|Any CPU
		{BC9BD745-EDE8-457B-9F5E-8667A8DDCD52}.Release|Any CPU.Build.0 = Release|Any CPU
	EndGlobalSection
	GlobalSection(SolutionProperties) = preSolution
		HideSolutionNode = FALSE
	EndGlobalSection
	GlobalSection(ExtensibilityGlobals) = postSolution
		SolutionGuid = {DD4926E6-4C34-4AAD-8A36-BC65E9375D61}
	EndGlobalSection
EndGlobal
